// !$*UTF8*$!
{
	archiveVersion = 1;
	classes = {
	};
	objectVersion = 50;
	objects = {

/* Begin PBXBuildFile section */
		C74CF5762260A3A000548244 /* Meme.swift in Sources */ = {isa = PBXBuildFile; fileRef = C74CF5752260A3A000548244 /* Meme.swift */; };
		C7729E132271FF800067446A /* MemeDetail.swift in Sources */ = {isa = PBXBuildFile; fileRef = C7729E122271FF800067446A /* MemeDetail.swift */; };
		C77D93752270FA8700FB37D4 /* SentMemeTableViewController.swift in Sources */ = {isa = PBXBuildFile; fileRef = C77D93742270FA8700FB37D4 /* SentMemeTableViewController.swift */; };
		C77D93772270FBE600FB37D4 /* SentMemeCollectionViewController.swift in Sources */ = {isa = PBXBuildFile; fileRef = C77D93762270FBE600FB37D4 /* SentMemeCollectionViewController.swift */; };
		C77D937B2271042A00FB37D4 /* MemeTableCell.swift in Sources */ = {isa = PBXBuildFile; fileRef = C77D937A2271042A00FB37D4 /* MemeTableCell.swift */; };
		C77D937D22711B8000FB37D4 /* MemeCollectionCell.swift in Sources */ = {isa = PBXBuildFile; fileRef = C77D937C22711B8000FB37D4 /* MemeCollectionCell.swift */; };
		C79B41C0225D445D006935D6 /* AppDelegate.swift in Sources */ = {isa = PBXBuildFile; fileRef = C79B41BF225D445D006935D6 /* AppDelegate.swift */; };
		C79B41C2225D445D006935D6 /* EditorViewController.swift in Sources */ = {isa = PBXBuildFile; fileRef = C79B41C1225D445D006935D6 /* EditorViewController.swift */; };
		C79B41C5225D445D006935D6 /* Main.storyboard in Resources */ = {isa = PBXBuildFile; fileRef = C79B41C3225D445D006935D6 /* Main.storyboard */; };
		C79B41C7225D445F006935D6 /* Assets.xcassets in Resources */ = {isa = PBXBuildFile; fileRef = C79B41C6225D445F006935D6 /* Assets.xcassets */; };
		C79B41CA225D445F006935D6 /* LaunchScreen.storyboard in Resources */ = {isa = PBXBuildFile; fileRef = C79B41C8225D445F006935D6 /* LaunchScreen.storyboard */; };
/* End PBXBuildFile section */

/* Begin PBXFileReference section */
		C74CF5752260A3A000548244 /* Meme.swift */ = {isa = PBXFileReference; lastKnownFileType = sourcecode.swift; path = Meme.swift; sourceTree = "<group>"; };
		C7729E122271FF800067446A /* MemeDetail.swift */ = {isa = PBXFileReference; lastKnownFileType = sourcecode.swift; path = MemeDetail.swift; sourceTree = "<group>"; };
		C77D93742270FA8700FB37D4 /* SentMemeTableViewController.swift */ = {isa = PBXFileReference; lastKnownFileType = sourcecode.swift; path = SentMemeTableViewController.swift; sourceTree = "<group>"; };
		C77D93762270FBE600FB37D4 /* SentMemeCollectionViewController.swift */ = {isa = PBXFileReference; lastKnownFileType = sourcecode.swift; path = SentMemeCollectionViewController.swift; sourceTree = "<group>"; };
		C77D937A2271042A00FB37D4 /* MemeTableCell.swift */ = {isa = PBXFileReference; lastKnownFileType = sourcecode.swift; path = MemeTableCell.swift; sourceTree = "<group>"; };
		C77D937C22711B8000FB37D4 /* MemeCollectionCell.swift */ = {isa = PBXFileReference; lastKnownFileType = sourcecode.swift; path = MemeCollectionCell.swift; sourceTree = "<group>"; };
		C79B41BC225D445D006935D6 /* MemeMe.app */ = {isa = PBXFileReference; explicitFileType = wrapper.application; includeInIndex = 0; path = MemeMe.app; sourceTree = BUILT_PRODUCTS_DIR; };
		C79B41BF225D445D006935D6 /* AppDelegate.swift */ = {isa = PBXFileReference; lastKnownFileType = sourcecode.swift; path = AppDelegate.swift; sourceTree = "<group>"; };
		C79B41C1225D445D006935D6 /* EditorViewController.swift */ = {isa = PBXFileReference; lastKnownFileType = sourcecode.swift; path = EditorViewController.swift; sourceTree = "<group>"; };
		C79B41C4225D445D006935D6 /* Base */ = {isa = PBXFileReference; lastKnownFileType = file.storyboard; name = Base; path = Base.lproj/Main.storyboard; sourceTree = "<group>"; };
		C79B41C6225D445F006935D6 /* Assets.xcassets */ = {isa = PBXFileReference; lastKnownFileType = folder.assetcatalog; path = Assets.xcassets; sourceTree = "<group>"; };
		C79B41C9225D445F006935D6 /* Base */ = {isa = PBXFileReference; lastKnownFileType = file.storyboard; name = Base; path = Base.lproj/LaunchScreen.storyboard; sourceTree = "<group>"; };
		C79B41CB225D445F006935D6 /* Info.plist */ = {isa = PBXFileReference; lastKnownFileType = text.plist.xml; path = Info.plist; sourceTree = "<group>"; };
/* End PBXFileReference section */

/* Begin PBXFrameworksBuildPhase section */
		C79B41B9225D445D006935D6 /* Frameworks */ = {
			isa = PBXFrameworksBuildPhase;
			buildActionMask = 2147483647;
			files = (
			);
			runOnlyForDeploymentPostprocessing = 0;
		};
/* End PBXFrameworksBuildPhase section */

/* Begin PBXGroup section */
		C79B41B3225D445D006935D6 = {
			isa = PBXGroup;
			children = (
				C79B41BE225D445D006935D6 /* MemeMe */,
				C79B41BD225D445D006935D6 /* Products */,
			);
			sourceTree = "<group>";
		};
		C79B41BD225D445D006935D6 /* Products */ = {
			isa = PBXGroup;
			children = (
				C79B41BC225D445D006935D6 /* MemeMe.app */,
			);
			name = Products;
			sourceTree = "<group>";
		};
		C79B41BE225D445D006935D6 /* MemeMe */ = {
			isa = PBXGroup;
			children = (
				C79B41BF225D445D006935D6 /* AppDelegate.swift */,
				C79B41C1225D445D006935D6 /* EditorViewController.swift */,
				C7729E122271FF800067446A /* MemeDetail.swift */,
				C77D93742270FA8700FB37D4 /* SentMemeTableViewController.swift */,
				C77D937A2271042A00FB37D4 /* MemeTableCell.swift */,
				C77D93762270FBE600FB37D4 /* SentMemeCollectionViewController.swift */,
				C77D937C22711B8000FB37D4 /* MemeCollectionCell.swift */,
				C74CF5752260A3A000548244 /* Meme.swift */,
				C79B41C3225D445D006935D6 /* Main.storyboard */,
				C79B41C6225D445F006935D6 /* Assets.xcassets */,
				C79B41C8225D445F006935D6 /* LaunchScreen.storyboard */,
				C79B41CB225D445F006935D6 /* Info.plist */,
			);
			path = MemeMe;
			sourceTree = "<group>";
		};
/* End PBXGroup section */

/* Begin PBXNativeTarget section */
		C79B41BB225D445D006935D6 /* MemeMe */ = {
			isa = PBXNativeTarget;
			buildConfigurationList = C79B41CE225D445F006935D6 /* Build configuration list for PBXNativeTarget "MemeMe" */;
			buildPhases = (
				C79B41B8225D445D006935D6 /* Sources */,
				C79B41B9225D445D006935D6 /* Frameworks */,
				C79B41BA225D445D006935D6 /* Resources */,
			);
			buildRules = (
			);
			dependencies = (
			);
			name = MemeMe;
			productName = MEME;
			productReference = C79B41BC225D445D006935D6 /* MemeMe.app */;
			productType = "com.apple.product-type.application";
		};
/* End PBXNativeTarget section */

/* Begin PBXProject section */
		C79B41B4225D445D006935D6 /* Project object */ = {
			isa = PBXProject;
			attributes = {
				LastSwiftUpdateCheck = 1020;
				LastUpgradeCheck = 1020;
				ORGANIZATIONNAME = "Moayad Makhdom";
				TargetAttributes = {
					C79B41BB225D445D006935D6 = {
						CreatedOnToolsVersion = 10.2;
					};
				};
			};
			buildConfigurationList = C79B41B7225D445D006935D6 /* Build configuration list for PBXProject "MemeMe" */;
			compatibilityVersion = "Xcode 9.3";
			developmentRegion = en;
			hasScannedForEncodings = 0;
			knownRegions = (
				en,
				Base,
			);
			mainGroup = C79B41B3225D445D006935D6;
			productRefGroup = C79B41BD225D445D006935D6 /* Products */;
			projectDirPath = "";
			projectRoot = "";
			targets = (
				C79B41BB225D445D006935D6 /* MemeMe */,
			);
		};
/* End PBXProject section */

/* Begin PBXResourcesBuildPhase section */
		C79B41BA225D445D006935D6 /* Resources */ = {
			isa = PBXResourcesBuildPhase;
			buildActionMask = 2147483647;
			files = (
				C79B41CA225D445F006935D6 /* LaunchScreen.storyboard in Resources */,
				C79B41C7225D445F006935D6 /* Assets.xcassets in Resources */,
				C79B41C5225D445D006935D6 /* Main.storyboard in Resources */,
			);
			runOnlyForDeploymentPostprocessing = 0;
		};
/* End PBXResourcesBuildPhase section */

/* Begin PBXSourcesBuildPhase section */
		C79B41B8225D445D006935D6 /* Sources */ = {
			isa = PBXSourcesBuildPhase;
			buildActionMask = 2147483647;
			files = (
				C74CF5762260A3A000548244 /* Meme.swift in Sources */,
				C77D93772270FBE600FB37D4 /* SentMemeCollectionViewController.swift in Sources */,
				C7729E132271FF800067446A /* MemeDetail.swift in Sources */,
				C77D937B2271042A00FB37D4 /* MemeTableCell.swift in Sources */,
				C79B41C2225D445D006935D6 /* EditorViewController.swift in Sources */,
				C77D937D22711B8000FB37D4 /* MemeCollectionCell.swift in Sources */,
				C79B41C0225D445D006935D6 /* AppDelegate.swift in Sources */,
				C77D93752270FA8700FB37D4 /* SentMemeTableViewController.swift in Sources */,
			);
			runOnlyForDeploymentPostprocessing = 0;
		};
/* End PBXSourcesBuildPhase section */

/* Begin PBXVariantGroup section */
		C79B41C3225D445D006935D6 /* Main.storyboard */ = {
			isa = PBXVariantGroup;
			children = (
				C79B41C4225D445D006935D6 /* Base */,
			);
			name = Main.storyboard;
			sourceTree = "<group>";
		};
		C79B41C8225D445F006935D6 /* LaunchScreen.storyboard */ = {
			isa = PBXVariantGroup;
			children = (
				C79B41C9225D445F006935D6 /* Base */,
			);
			name = LaunchScreen.storyboard;
			sourceTree = "<group>";
		};
/* End PBXVariantGroup section */

/* Begin XCBuildConfiguration section */
		C79B41CC225D445F006935D6 /* Debug */ = {
			isa = XCBuildConfiguration;
			buildSettings = {
				ALWAYS_SEARCH_USER_PATHS = NO;
				CLANG_ANALYZER_NONNULL = YES;
				CLANG_ANALYZER_NUMBER_OBJECT_CONVERSION = YES_AGGRESSIVE;
				CLANG_CXX_LANGUAGE_STANDARD = "gnu++14";
				CLANG_CXX_LIBRARY = "libc++";
				CLANG_ENABLE_MODULES = YES;
				CLANG_ENABLE_OBJC_ARC = YES;
				CLANG_ENABLE_OBJC_WEAK = YES;
				CLANG_WARN_BLOCK_CAPTURE_AUTORELEASING = YES;
				CLANG_WARN_BOOL_CONVERSION = YES;
				CLANG_WARN_COMMA = YES;
				CLANG_WARN_CONSTANT_CONVERSION = YES;
				CLANG_WARN_DEPRECATED_OBJC_IMPLEMENTATIONS = YES;
				CLANG_WARN_DIRECT_OBJC_ISA_USAGE = YES_ERROR;
				CLANG_WARN_DOCUMENTATION_COMMENTS = YES;
				CLANG_WARN_EMPTY_BODY = YES;
				CLANG_WARN_ENUM_CONVERSION = YES;
				CLANG_WARN_INFINITE_RECURSION = YES;
				CLANG_WARN_INT_CONVERSION = YES;
				CLANG_WARN_NON_LITERAL_NULL_CONVERSION = YES;
				CLANG_WARN_OBJC_IMPLICIT_RETAIN_SELF = YES;
				CLANG_WARN_OBJC_LITERAL_CONVERSION = YES;
				CLANG_WARN_OBJC_ROOT_CLASS = YES_ERROR;
				CLANG_WARN_RANGE_LOOP_ANALYSIS = YES;
				CLANG_WARN_STRICT_PROTOTYPES = YES;
				CLANG_WARN_SUSPICIOUS_MOVE = YES;
				CLANG_WARN_UNGUARDED_AVAILABILITY = YES_AGGRESSIVE;
				CLANG_WARN_UNREACHABLE_CODE = YES;
				CLANG_WARN__DUPLICATE_METHOD_MATCH = YES;
				CODE_SIGN_IDENTITY = "iPhone Developer";
				COPY_PHASE_STRIP = NO;
				DEBUG_INFORMATION_FORMAT = dwarf;
				ENABLE_STRICT_OBJC_MSGSEND = YES;
				ENABLE_TESTABILITY = YES;
				GCC_C_LANGUAGE_STANDARD = gnu11;
				GCC_DYNAMIC_NO_PIC = NO;
				GCC_NO_COMMON_BLOCKS = YES;
				GCC_OPTIMIZATION_LEVEL = 0;
				GCC_PREPROCESSOR_DEFINITIONS = (
					"DEBUG=1",
					"$(inherited)",
				);
				GCC_WARN_64_TO_32_BIT_CONVERSION = YES;
				GCC_WARN_ABOUT_RETURN_TYPE = YES_ERROR;
				GCC_WARN_UNDECLARED_SELECTOR = YES;
				GCC_WARN_UNINITIALIZED_AUTOS = YES_AGGRESSIVE;
				GCC_WARN_UNUSED_FUNCTION = YES;
				GCC_WARN_UNUSED_VARIABLE = YES;
				IPHONEOS_DEPLOYMENT_TARGET = 12.2;
				MTL_ENABLE_DEBUG_INFO = INCLUDE_SOURCE;
				MTL_FAST_MATH = YES;
				ONLY_ACTIVE_ARCH = YES;
				SDKROOT = iphoneos;
				SWIFT_ACTIVE_COMPILATION_CONDITIONS = DEBUG;
				SWIFT_OPTIMIZATION_LEVEL = "-Onone";
			};
			name = Debug;
		};
		C79B41CD225D445F006935D6 /* Release */ = {
			isa = XCBuildConfiguration;
			buildSettings = {
				ALWAYS_SEARCH_USER_PATHS = NO;
				CLANG_ANALYZER_NONNULL = YES;
				CLANG_ANALYZER_NUMBER_OBJECT_CONVERSION = YES_AGGRESSIVE;
				CLANG_CXX_LANGUAGE_STANDARD = "gnu++14";
				CLANG_CXX_LIBRARY = "libc++";
				CLANG_ENABLE_MODULES = YES;
				CLANG_ENABLE_OBJC_ARC = YES;
				CLANG_ENABLE_OBJC_WEAK = YES;
				CLANG_WARN_BLOCK_CAPTURE_AUTORELEASING = YES;
				CLANG_WARN_BOOL_CONVERSION = YES;
				CLANG_WARN_COMMA = YES;
				CLANG_WARN_CONSTANT_CONVERSION = YES;
				CLANG_WARN_DEPRECATED_OBJC_IMPLEMENTATIONS = YES;
				CLANG_WARN_DIRECT_OBJC_ISA_USAGE = YES_ERROR;
				CLANG_WARN_DOCUMENTATION_COMMENTS = YES;
				CLANG_WARN_EMPTY_BODY = YES;
				CLANG_WARN_ENUM_CONVERSION = YES;
				CLANG_WARN_INFINITE_RECURSION = YES;
				CLANG_WARN_INT_CONVERSION = YES;
				CLANG_WARN_NON_LITERAL_NULL_CONVERSION = YES;
				CLANG_WARN_OBJC_IMPLICIT_RETAIN_SELF = YES;
				CLANG_WARN_OBJC_LITERAL_CONVERSION = YES;
				CLANG_WARN_OBJC_ROOT_CLASS = YES_ERROR;
				CLANG_WARN_RANGE_LOOP_ANALYSIS = YES;
				CLANG_WARN_STRICT_PROTOTYPES = YES;
				CLANG_WARN_SUSPICIOUS_MOVE = YES;
				CLANG_WARN_UNGUARDED_AVAILABILITY = YES_AGGRESSIVE;
				CLANG_WARN_UNREACHABLE_CODE = YES;
				CLANG_WARN__DUPLICATE_METHOD_MATCH = YES;
				CODE_SIGN_IDENTITY = "iPhone Developer";
				COPY_PHASE_STRIP = NO;
				DEBUG_INFORMATION_FORMAT = "dwarf-with-dsym";
				ENABLE_NS_ASSERTIONS = NO;
				ENABLE_STRICT_OBJC_MSGSEND = YES;
				GCC_C_LANGUAGE_STANDARD = gnu11;
				GCC_NO_COMMON_BLOCKS = YES;
				GCC_WARN_64_TO_32_BIT_CONVERSION = YES;
				GCC_WARN_ABOUT_RETURN_TYPE = YES_ERROR;
				GCC_WARN_UNDECLARED_SELECTOR = YES;
				GCC_WARN_UNINITIALIZED_AUTOS = YES_AGGRESSIVE;
				GCC_WARN_UNUSED_FUNCTION = YES;
				GCC_WARN_UNUSED_VARIABLE = YES;
				IPHONEOS_DEPLOYMENT_TARGET = 12.2;
				MTL_ENABLE_DEBUG_INFO = NO;
				MTL_FAST_MATH = YES;
				SDKROOT = iphoneos;
				SWIFT_COMPILATION_MODE = wholemodule;
				SWIFT_OPTIMIZATION_LEVEL = "-O";
				VALIDATE_PRODUCT = YES;
			};
			name = Release;
		};
		C79B41CF225D445F006935D6 /* Debug */ = {
			isa = XCBuildConfiguration;
			buildSettings = {
				ASSETCATALOG_COMPILER_APPICON_NAME = AppIcon;
				CODE_SIGN_STYLE = Automatic;
				DEVELOPMENT_TEAM = E455JD6U85;
				INFOPLIST_FILE = "$(SRCROOT)/MemeMe/Info.plist";
				IPHONEOS_DEPLOYMENT_TARGET = 12.0;
				LD_RUNPATH_SEARCH_PATHS = (
					"$(inherited)",
					"@executable_path/Frameworks",
				);
				PRODUCT_BUNDLE_IDENTIFIER = com.MoayadMakhdom.MemeMe;
				PRODUCT_NAME = "$(TARGET_NAME)";
				SWIFT_VERSION = 5.0;
				TARGETED_DEVICE_FAMILY = "1,2";
			};
			name = Debug;
		};
		C79B41D0225D445F006935D6 /* Release */ = {
			isa = XCBuildConfiguration;
			buildSettings = {
				ASSETCATALOG_COMPILER_APPICON_NAME = AppIcon;
				CODE_SIGN_STYLE = Automatic;
				DEVELOPMENT_TEAM = E455JD6U85;
				INFOPLIST_FILE = "$(SRCROOT)/MemeMe/Info.plist";
				IPHONEOS_DEPLOYMENT_TARGET = 12.0;
				LD_RUNPATH_SEARCH_PATHS = (
					"$(inherited)",
					"@executable_path/Frameworks",
				);
				PRODUCT_BUNDLE_IDENTIFIER = com.MoayadMakhdom.MemeMe;
				PRODUCT_NAME = "$(TARGET_NAME)";
				SWIFT_VERSION = 5.0;
				TARGETED_DEVICE_FAMILY = "1,2";
			};
			name = Release;
		};
/* End XCBuildConfiguration section */

/* Begin XCConfigurationList section */
		C79B41B7225D445D006935D6 /* Build configuration list for PBXProject "MemeMe" */ = {
			isa = XCConfigurationList;
			buildConfigurations = (
				C79B41CC225D445F006935D6 /* Debug */,
				C79B41CD225D445F006935D6 /* Release */,
			);
			defaultConfigurationIsVisible = 0;
			defaultConfigurationName = Release;
		};
		C79B41CE225D445F006935D6 /* Build configuration list for PBXNativeTarget "MemeMe" */ = {
			isa = XCConfigurationList;
			buildConfigurations = (
				C79B41CF225D445F006935D6 /* Debug */,
				C79B41D0225D445F006935D6 /* Release */,
			);
			defaultConfigurationIsVisible = 0;
			defaultConfigurationName = Release;
		};
/* End XCConfigurationList section */
	};
	rootObject = C79B41B4225D445D006935D6 /* Project object */;
}
